
Microsoft Visual Studio Solution File, Format Version 12.00
Project("{FAE04EC0-301F-11D3-BF4B-00C04F79EFBC}") = "TDigest", "TDigest\TDigest.csproj", "{E13B5CFD-0D09-493D-B481-E56120BDAE58}"
EndProject
Project("{FAE04EC0-301F-11D3-BF4B-00C04F79EFBC}") = "TDigest.Tests", "TDigest.Tests\TDigest.Tests.csproj", "{9738D165-368B-46EC-A651-F28A49B047C2}"
EndProject
Global
	GlobalSection(SolutionConfigurationPlatforms) = preSolution
		Debug|Any CPU = Debug|Any CPU
		Release|Any CPU = Release|Any CPU
	EndGlobalSection
	GlobalSection(ProjectConfigurationPlatforms) = postSolution
		{9738D165-368B-46EC-A651-F28A49B047C2}.Debug|Any CPU.ActiveCfg = Debug|Any CPU
		{9738D165-368B-46EC-A651-F28A49B047C2}.Debug|Any CPU.Build.0 = Debug|Any CPU
		{9738D165-368B-46EC-A651-F28A49B047C2}.Release|Any CPU.ActiveCfg = Release|Any CPU
		{9738D165-368B-46EC-A651-F28A49B047C2}.Release|Any CPU.Build.0 = Release|Any CPU
		{E13B5CFD-0D09-493D-B481-E56120BDAE58}.Debug|Any CPU.ActiveCfg = Debug|Any CPU
		{E13B5CFD-0D09-493D-B481-E56120BDAE58}.Debug|Any CPU.Build.0 = Debug|Any CPU
		{E13B5CFD-0D09-493D-B481-E56120BDAE58}.Release|Any CPU.ActiveCfg = Release|Any CPU
		{E13B5CFD-0D09-493D-B481-E56120BDAE58}.Release|Any CPU.Build.0 = Release|Any CPU
	EndGlobalSection
EndGlobal
