
Microsoft Visual Studio Solution File, Format Version 12.00
# Visual Studio Version 17
VisualStudioVersion = 17.0.31717.71
MinimumVisualStudioVersion = 10.0.40219.1
Project("{9A19103F-16F7-4668-BE54-9A1E7A4F7556}") = "BabyKusto.Core", "src\BabyKusto.Core\BabyKusto.Core.csproj", "{1AF6D7B2-15C5-417B-9B72-ECC725B6FFD7}"
EndProject
Project("{9A19103F-16F7-4668-BE54-9A1E7A4F7556}") = "BabyKusto.Core.Tests", "test\BabyKusto.Core.Tests\BabyKusto.Core.Tests.csproj", "{F3E251D0-8E63-43AD-96D7-955744B5A1D7}"
EndProject
Project("{2150E333-8FDC-42A3-9474-1A3956D46DE8}") = "test", "test", "{932C804C-F6B7-4361-8360-E5238938E464}"
EndProject
Project("{2150E333-8FDC-42A3-9474-1A3956D46DE8}") = "src", "src", "{17CA2597-13D2-4A89-AFCC-B5E7170DB32F}"
EndProject
Project("{9A19103F-16F7-4668-BE54-9A1E7A4F7556}") = "Sample.ProcessesCli", "samples\Sample.ProcessesCli\Sample.ProcessesCli.csproj", "{A73B096E-8F66-41C3-AE45-A6588D1382FA}"
EndProject
Project("{2150E333-8FDC-42A3-9474-1A3956D46DE8}") = "samples", "samples", "{48CD2752-9462-473A-8699-7AD8B146742F}"
EndProject
Project("{2150E333-8FDC-42A3-9474-1A3956D46DE8}") = "opensource", "opensource", "{851A9199-2611-44DE-B54E-81269C5C5976}"
EndProject
Project("{2150E333-8FDC-42A3-9474-1A3956D46DE8}") = "t-digest-csharp", "t-digest-csharp", "{1F7785B1-F2A1-4369-955C-29F2108CB56E}"
EndProject
Project("{9A19103F-16F7-4668-BE54-9A1E7A4F7556}") = "TDigest", "opensource\modified\t-digest-csharp\TDigest\TDigest.csproj", "{8617484B-EF13-46FA-8760-2BFD5BDDB39E}"
EndProject
Project("{9A19103F-16F7-4668-BE54-9A1E7A4F7556}") = "TDigest.Tests", "opensource\modified\t-digest-csharp\TDigest.Tests\TDigest.Tests.csproj", "{371F28EC-CD94-473F-98E3-9DEA3CEC39EF}"
EndProject
Project("{9A19103F-16F7-4668-BE54-9A1E7A4F7556}") = "KustoSupport", "src\KustoSupport\KustoSupport.csproj", "{FAC645E7-52DF-4E4A-B81A-AB11C218208D}"
EndProject
Project("{9A19103F-16F7-4668-BE54-9A1E7A4F7556}") = "Extensions", "src\Extensions\Extensions.csproj", "{0DDA8CC8-3692-4084-B31E-F1B7D7D43E98}"
EndProject
Project("{9A19103F-16F7-4668-BE54-9A1E7A4F7556}") = "CsvSupport", "src\CsvSupport\CsvSupport.csproj", "{0779D6F9-D89D-40A4-BCA4-6F9912D8A926}"
EndProject
Project("{9A19103F-16F7-4668-BE54-9A1E7A4F7556}") = "BasicTests", "test\BasicTests\BasicTests.csproj", "{CBC39833-EF60-4482-853C-F6EF299E7F86}"
EndProject
Project("{9A19103F-16F7-4668-BE54-9A1E7A4F7556}") = "csvrepl", "samples\csvrepl\csvrepl.csproj", "{48AE3123-9A19-412B-BE07-4CE827D9CCCD}"
EndProject
Project("{2150E333-8FDC-42A3-9474-1A3956D46DE8}") = "benchmarks", "benchmarks", "{240DE661-CB71-4D27-B320-62E553CFBCAE}"
EndProject
Project("{9A19103F-16F7-4668-BE54-9A1E7A4F7556}") = "Benchmarks", "benchmarks\Benchmarks\Benchmarks.csproj", "{11A53A25-A3A5-4484-A909-C55471636222}"
EndProject
Project("{9A19103F-16F7-4668-BE54-9A1E7A4F7556}") = "ExtendedCoreTests", "test\ExtendedCoreTests\ExtendedCoreTests.csproj", "{CB8ABFEF-4F5C-440C-8DEE-65BB77873BB7}"
EndProject
Project("{9A19103F-16F7-4668-BE54-9A1E7A4F7556}") = "LogSetup", "src\LogSetup\LogSetup.csproj", "{35BE1709-9DB2-4AF0-A1E1-C3C95B112D8F}"
EndProject
Project("{9A19103F-16F7-4668-BE54-9A1E7A4F7556}") = "Geo", "src\Geo\Geo.csproj", "{CEFB8842-4862-4FC4-8407-40116972895C}"
EndProject
Project("{2150E333-8FDC-42A3-9474-1A3956D46DE8}") = "docs", "docs", "{A5579A8E-4198-4EC3-9F20-46BBAC53B97F}"
	ProjectSection(SolutionItems) = preProject
		docs\additionalFunctions.md = docs\additionalFunctions.md
		docs\addUserDefinedFunction.md = docs\addUserDefinedFunction.md
		docs\internal-representation.png = docs\internal-representation.png
		OldReadMe.md = OldReadMe.md
		docs\plannedWork.md = docs\plannedWork.md
	EndProjectSection
EndProject
Project("{2150E333-8FDC-42A3-9474-1A3956D46DE8}") = "Solution Items", "Solution Items", "{44F51B35-D6EE-402F-93C7-3C43B1FD62B2}"
	ProjectSection(SolutionItems) = preProject
		README.md = README.md
	EndProjectSection
EndProject
Project("{9A19103F-16F7-4668-BE54-9A1E7A4F7556}") = "JPoke", "src\JPoke\JPoke.csproj", "{55EFCE63-7109-495B-9B87-36600002C1E4}"
EndProject
Project("{9A19103F-16F7-4668-BE54-9A1E7A4F7556}") = "JPokeTests", "test\JPokeTests\JPokeTests.csproj", "{276FBA77-6674-452B-B5F2-A8A8455CA30D}"
EndProject
Project("{9A19103F-16F7-4668-BE54-9A1E7A4F7556}") = "VegaGenerator", "src\VegaGenerator\VegaGenerator.csproj", "{FDC0BA15-4B9B-4F26-B62B-C43F4D9B257D}"
EndProject
Project("{9A19103F-16F7-4668-BE54-9A1E7A4F7556}") = "lokql", "src\lokql\lokql.csproj", "{133DEB9A-D7C2-4E9D-959E-AFD2C7D71CBC}"
EndProject
Project("{9A19103F-16F7-4668-BE54-9A1E7A4F7556}") = "AdvancedStringFunctionality", "src\AdvancedStringFunctionality\AdvancedStringFunctionality.csproj", "{C7CD877B-6D18-459F-AFE8-69239B7D68B3}"
EndProject
Project("{9A19103F-16F7-4668-BE54-9A1E7A4F7556}") = "Rendering", "src\Rendering\Rendering.csproj", "{3516DC9F-BB29-42B1-AEA0-A2EB7B8CD073}"
EndProject
Project("{9A19103F-16F7-4668-BE54-9A1E7A4F7556}") = "ProcessWatcher", "samples\ProcessWatcher\ProcessWatcher.csproj", "{7FBDE055-4454-4BB2-82A3-5F2085ABA41D}"
EndProject
Project("{9A19103F-16F7-4668-BE54-9A1E7A4F7556}") = "ParquetSupport", "src\Parquet\ParquetSupport.csproj", "{81019EDB-C726-4008-9E1D-DCA7FF984030}"
EndProject
Project("{9A19103F-16F7-4668-BE54-9A1E7A4F7556}") = "lokql-engine", "src\lokql-engine\lokql-engine.csproj", "{DA457CB0-AF41-474F-9848-6D5F879BC535}"
EndProject
Project("{FAE04EC0-301F-11D3-BF4B-00C04F79EFBC}") = "SourceGeneration", "src\SourceGeneration\SourceGeneration.csproj", "{49FD4F48-01C5-435E-97EE-6120E3E18828}"
EndProject
Global
	GlobalSection(SolutionConfigurationPlatforms) = preSolution
		Debug|Any CPU = Debug|Any CPU
		Release|Any CPU = Release|Any CPU
	EndGlobalSection
	GlobalSection(ProjectConfigurationPlatforms) = postSolution
		{1AF6D7B2-15C5-417B-9B72-ECC725B6FFD7}.Debug|Any CPU.ActiveCfg = Debug|Any CPU
		{1AF6D7B2-15C5-417B-9B72-ECC725B6FFD7}.Debug|Any CPU.Build.0 = Debug|Any CPU
		{1AF6D7B2-15C5-417B-9B72-ECC725B6FFD7}.Release|Any CPU.ActiveCfg = Release|Any CPU
		{1AF6D7B2-15C5-417B-9B72-ECC725B6FFD7}.Release|Any CPU.Build.0 = Release|Any CPU
		{F3E251D0-8E63-43AD-96D7-955744B5A1D7}.Debug|Any CPU.ActiveCfg = Debug|Any CPU
		{F3E251D0-8E63-43AD-96D7-955744B5A1D7}.Debug|Any CPU.Build.0 = Debug|Any CPU
		{F3E251D0-8E63-43AD-96D7-955744B5A1D7}.Release|Any CPU.ActiveCfg = Release|Any CPU
		{F3E251D0-8E63-43AD-96D7-955744B5A1D7}.Release|Any CPU.Build.0 = Release|Any CPU
		{A73B096E-8F66-41C3-AE45-A6588D1382FA}.Debug|Any CPU.ActiveCfg = Debug|Any CPU
		{A73B096E-8F66-41C3-AE45-A6588D1382FA}.Debug|Any CPU.Build.0 = Debug|Any CPU
		{A73B096E-8F66-41C3-AE45-A6588D1382FA}.Release|Any CPU.ActiveCfg = Release|Any CPU
		{A73B096E-8F66-41C3-AE45-A6588D1382FA}.Release|Any CPU.Build.0 = Release|Any CPU
		{8617484B-EF13-46FA-8760-2BFD5BDDB39E}.Debug|Any CPU.ActiveCfg = Debug|Any CPU
		{8617484B-EF13-46FA-8760-2BFD5BDDB39E}.Debug|Any CPU.Build.0 = Debug|Any CPU
		{8617484B-EF13-46FA-8760-2BFD5BDDB39E}.Release|Any CPU.ActiveCfg = Release|Any CPU
		{8617484B-EF13-46FA-8760-2BFD5BDDB39E}.Release|Any CPU.Build.0 = Release|Any CPU
		{371F28EC-CD94-473F-98E3-9DEA3CEC39EF}.Debug|Any CPU.ActiveCfg = Debug|Any CPU
		{371F28EC-CD94-473F-98E3-9DEA3CEC39EF}.Debug|Any CPU.Build.0 = Debug|Any CPU
		{371F28EC-CD94-473F-98E3-9DEA3CEC39EF}.Release|Any CPU.ActiveCfg = Release|Any CPU
		{371F28EC-CD94-473F-98E3-9DEA3CEC39EF}.Release|Any CPU.Build.0 = Release|Any CPU
		{FAC645E7-52DF-4E4A-B81A-AB11C218208D}.Debug|Any CPU.ActiveCfg = Debug|Any CPU
		{FAC645E7-52DF-4E4A-B81A-AB11C218208D}.Debug|Any CPU.Build.0 = Debug|Any CPU
		{FAC645E7-52DF-4E4A-B81A-AB11C218208D}.Release|Any CPU.ActiveCfg = Release|Any CPU
		{FAC645E7-52DF-4E4A-B81A-AB11C218208D}.Release|Any CPU.Build.0 = Release|Any CPU
		{0DDA8CC8-3692-4084-B31E-F1B7D7D43E98}.Debug|Any CPU.ActiveCfg = Debug|Any CPU
		{0DDA8CC8-3692-4084-B31E-F1B7D7D43E98}.Debug|Any CPU.Build.0 = Debug|Any CPU
		{0DDA8CC8-3692-4084-B31E-F1B7D7D43E98}.Release|Any CPU.ActiveCfg = Release|Any CPU
		{0DDA8CC8-3692-4084-B31E-F1B7D7D43E98}.Release|Any CPU.Build.0 = Release|Any CPU
		{0779D6F9-D89D-40A4-BCA4-6F9912D8A926}.Debug|Any CPU.ActiveCfg = Debug|Any CPU
		{0779D6F9-D89D-40A4-BCA4-6F9912D8A926}.Debug|Any CPU.Build.0 = Debug|Any CPU
		{0779D6F9-D89D-40A4-BCA4-6F9912D8A926}.Release|Any CPU.ActiveCfg = Release|Any CPU
		{0779D6F9-D89D-40A4-BCA4-6F9912D8A926}.Release|Any CPU.Build.0 = Release|Any CPU
		{CBC39833-EF60-4482-853C-F6EF299E7F86}.Debug|Any CPU.ActiveCfg = Debug|Any CPU
		{CBC39833-EF60-4482-853C-F6EF299E7F86}.Debug|Any CPU.Build.0 = Debug|Any CPU
		{CBC39833-EF60-4482-853C-F6EF299E7F86}.Release|Any CPU.ActiveCfg = Release|Any CPU
		{CBC39833-EF60-4482-853C-F6EF299E7F86}.Release|Any CPU.Build.0 = Release|Any CPU
		{48AE3123-9A19-412B-BE07-4CE827D9CCCD}.Debug|Any CPU.ActiveCfg = Debug|Any CPU
		{48AE3123-9A19-412B-BE07-4CE827D9CCCD}.Debug|Any CPU.Build.0 = Debug|Any CPU
		{48AE3123-9A19-412B-BE07-4CE827D9CCCD}.Release|Any CPU.ActiveCfg = Release|Any CPU
		{48AE3123-9A19-412B-BE07-4CE827D9CCCD}.Release|Any CPU.Build.0 = Release|Any CPU
		{11A53A25-A3A5-4484-A909-C55471636222}.Debug|Any CPU.ActiveCfg = Debug|Any CPU
		{11A53A25-A3A5-4484-A909-C55471636222}.Debug|Any CPU.Build.0 = Debug|Any CPU
		{11A53A25-A3A5-4484-A909-C55471636222}.Release|Any CPU.ActiveCfg = Release|Any CPU
		{11A53A25-A3A5-4484-A909-C55471636222}.Release|Any CPU.Build.0 = Release|Any CPU
		{CB8ABFEF-4F5C-440C-8DEE-65BB77873BB7}.Debug|Any CPU.ActiveCfg = Debug|Any CPU
		{CB8ABFEF-4F5C-440C-8DEE-65BB77873BB7}.Debug|Any CPU.Build.0 = Debug|Any CPU
		{CB8ABFEF-4F5C-440C-8DEE-65BB77873BB7}.Release|Any CPU.ActiveCfg = Release|Any CPU
		{CB8ABFEF-4F5C-440C-8DEE-65BB77873BB7}.Release|Any CPU.Build.0 = Release|Any CPU
		{35BE1709-9DB2-4AF0-A1E1-C3C95B112D8F}.Debug|Any CPU.ActiveCfg = Debug|Any CPU
		{35BE1709-9DB2-4AF0-A1E1-C3C95B112D8F}.Debug|Any CPU.Build.0 = Debug|Any CPU
		{35BE1709-9DB2-4AF0-A1E1-C3C95B112D8F}.Release|Any CPU.ActiveCfg = Release|Any CPU
		{35BE1709-9DB2-4AF0-A1E1-C3C95B112D8F}.Release|Any CPU.Build.0 = Release|Any CPU
		{CEFB8842-4862-4FC4-8407-40116972895C}.Debug|Any CPU.ActiveCfg = Debug|Any CPU
		{CEFB8842-4862-4FC4-8407-40116972895C}.Debug|Any CPU.Build.0 = Debug|Any CPU
		{CEFB8842-4862-4FC4-8407-40116972895C}.Release|Any CPU.ActiveCfg = Release|Any CPU
		{CEFB8842-4862-4FC4-8407-40116972895C}.Release|Any CPU.Build.0 = Release|Any CPU
		{55EFCE63-7109-495B-9B87-36600002C1E4}.Debug|Any CPU.ActiveCfg = Debug|Any CPU
		{55EFCE63-7109-495B-9B87-36600002C1E4}.Debug|Any CPU.Build.0 = Debug|Any CPU
		{55EFCE63-7109-495B-9B87-36600002C1E4}.Release|Any CPU.ActiveCfg = Release|Any CPU
		{55EFCE63-7109-495B-9B87-36600002C1E4}.Release|Any CPU.Build.0 = Release|Any CPU
		{276FBA77-6674-452B-B5F2-A8A8455CA30D}.Debug|Any CPU.ActiveCfg = Debug|Any CPU
		{276FBA77-6674-452B-B5F2-A8A8455CA30D}.Debug|Any CPU.Build.0 = Debug|Any CPU
		{276FBA77-6674-452B-B5F2-A8A8455CA30D}.Release|Any CPU.ActiveCfg = Release|Any CPU
		{276FBA77-6674-452B-B5F2-A8A8455CA30D}.Release|Any CPU.Build.0 = Release|Any CPU
		{FDC0BA15-4B9B-4F26-B62B-C43F4D9B257D}.Debug|Any CPU.ActiveCfg = Debug|Any CPU
		{FDC0BA15-4B9B-4F26-B62B-C43F4D9B257D}.Debug|Any CPU.Build.0 = Debug|Any CPU
		{FDC0BA15-4B9B-4F26-B62B-C43F4D9B257D}.Release|Any CPU.ActiveCfg = Release|Any CPU
		{FDC0BA15-4B9B-4F26-B62B-C43F4D9B257D}.Release|Any CPU.Build.0 = Release|Any CPU
		{133DEB9A-D7C2-4E9D-959E-AFD2C7D71CBC}.Debug|Any CPU.ActiveCfg = Debug|Any CPU
		{133DEB9A-D7C2-4E9D-959E-AFD2C7D71CBC}.Debug|Any CPU.Build.0 = Debug|Any CPU
		{133DEB9A-D7C2-4E9D-959E-AFD2C7D71CBC}.Release|Any CPU.ActiveCfg = Release|Any CPU
		{133DEB9A-D7C2-4E9D-959E-AFD2C7D71CBC}.Release|Any CPU.Build.0 = Release|Any CPU
		{C7CD877B-6D18-459F-AFE8-69239B7D68B3}.Debug|Any CPU.ActiveCfg = Debug|Any CPU
		{C7CD877B-6D18-459F-AFE8-69239B7D68B3}.Debug|Any CPU.Build.0 = Debug|Any CPU
		{C7CD877B-6D18-459F-AFE8-69239B7D68B3}.Release|Any CPU.ActiveCfg = Release|Any CPU
		{C7CD877B-6D18-459F-AFE8-69239B7D68B3}.Release|Any CPU.Build.0 = Release|Any CPU
		{3516DC9F-BB29-42B1-AEA0-A2EB7B8CD073}.Debug|Any CPU.ActiveCfg = Debug|Any CPU
		{3516DC9F-BB29-42B1-AEA0-A2EB7B8CD073}.Debug|Any CPU.Build.0 = Debug|Any CPU
		{3516DC9F-BB29-42B1-AEA0-A2EB7B8CD073}.Release|Any CPU.ActiveCfg = Release|Any CPU
		{3516DC9F-BB29-42B1-AEA0-A2EB7B8CD073}.Release|Any CPU.Build.0 = Release|Any CPU
		{7FBDE055-4454-4BB2-82A3-5F2085ABA41D}.Debug|Any CPU.ActiveCfg = Debug|Any CPU
		{7FBDE055-4454-4BB2-82A3-5F2085ABA41D}.Debug|Any CPU.Build.0 = Debug|Any CPU
		{7FBDE055-4454-4BB2-82A3-5F2085ABA41D}.Release|Any CPU.ActiveCfg = Release|Any CPU
		{7FBDE055-4454-4BB2-82A3-5F2085ABA41D}.Release|Any CPU.Build.0 = Release|Any CPU
		{81019EDB-C726-4008-9E1D-DCA7FF984030}.Debug|Any CPU.ActiveCfg = Debug|Any CPU
		{81019EDB-C726-4008-9E1D-DCA7FF984030}.Debug|Any CPU.Build.0 = Debug|Any CPU
		{81019EDB-C726-4008-9E1D-DCA7FF984030}.Release|Any CPU.ActiveCfg = Release|Any CPU
		{81019EDB-C726-4008-9E1D-DCA7FF984030}.Release|Any CPU.Build.0 = Release|Any CPU
		{DA457CB0-AF41-474F-9848-6D5F879BC535}.Debug|Any CPU.ActiveCfg = Debug|Any CPU
		{DA457CB0-AF41-474F-9848-6D5F879BC535}.Debug|Any CPU.Build.0 = Debug|Any CPU
		{DA457CB0-AF41-474F-9848-6D5F879BC535}.Release|Any CPU.ActiveCfg = Release|Any CPU
		{DA457CB0-AF41-474F-9848-6D5F879BC535}.Release|Any CPU.Build.0 = Release|Any CPU
		{49FD4F48-01C5-435E-97EE-6120E3E18828}.Debug|Any CPU.ActiveCfg = Debug|Any CPU
		{49FD4F48-01C5-435E-97EE-6120E3E18828}.Debug|Any CPU.Build.0 = Debug|Any CPU
		{49FD4F48-01C5-435E-97EE-6120E3E18828}.Release|Any CPU.ActiveCfg = Release|Any CPU
		{49FD4F48-01C5-435E-97EE-6120E3E18828}.Release|Any CPU.Build.0 = Release|Any CPU
	EndGlobalSection
	GlobalSection(SolutionProperties) = preSolution
		HideSolutionNode = FALSE
	EndGlobalSection
	GlobalSection(NestedProjects) = preSolution
		{1AF6D7B2-15C5-417B-9B72-ECC725B6FFD7} = {17CA2597-13D2-4A89-AFCC-B5E7170DB32F}
		{F3E251D0-8E63-43AD-96D7-955744B5A1D7} = {932C804C-F6B7-4361-8360-E5238938E464}
		{A73B096E-8F66-41C3-AE45-A6588D1382FA} = {48CD2752-9462-473A-8699-7AD8B146742F}
		{1F7785B1-F2A1-4369-955C-29F2108CB56E} = {851A9199-2611-44DE-B54E-81269C5C5976}
		{8617484B-EF13-46FA-8760-2BFD5BDDB39E} = {1F7785B1-F2A1-4369-955C-29F2108CB56E}
		{371F28EC-CD94-473F-98E3-9DEA3CEC39EF} = {1F7785B1-F2A1-4369-955C-29F2108CB56E}
		{FAC645E7-52DF-4E4A-B81A-AB11C218208D} = {17CA2597-13D2-4A89-AFCC-B5E7170DB32F}
		{0DDA8CC8-3692-4084-B31E-F1B7D7D43E98} = {17CA2597-13D2-4A89-AFCC-B5E7170DB32F}
		{0779D6F9-D89D-40A4-BCA4-6F9912D8A926} = {17CA2597-13D2-4A89-AFCC-B5E7170DB32F}
		{CBC39833-EF60-4482-853C-F6EF299E7F86} = {932C804C-F6B7-4361-8360-E5238938E464}
		{48AE3123-9A19-412B-BE07-4CE827D9CCCD} = {48CD2752-9462-473A-8699-7AD8B146742F}
		{11A53A25-A3A5-4484-A909-C55471636222} = {240DE661-CB71-4D27-B320-62E553CFBCAE}
		{CB8ABFEF-4F5C-440C-8DEE-65BB77873BB7} = {932C804C-F6B7-4361-8360-E5238938E464}
		{35BE1709-9DB2-4AF0-A1E1-C3C95B112D8F} = {17CA2597-13D2-4A89-AFCC-B5E7170DB32F}
		{CEFB8842-4862-4FC4-8407-40116972895C} = {17CA2597-13D2-4A89-AFCC-B5E7170DB32F}
		{55EFCE63-7109-495B-9B87-36600002C1E4} = {17CA2597-13D2-4A89-AFCC-B5E7170DB32F}
		{276FBA77-6674-452B-B5F2-A8A8455CA30D} = {932C804C-F6B7-4361-8360-E5238938E464}
		{FDC0BA15-4B9B-4F26-B62B-C43F4D9B257D} = {17CA2597-13D2-4A89-AFCC-B5E7170DB32F}
		{133DEB9A-D7C2-4E9D-959E-AFD2C7D71CBC} = {17CA2597-13D2-4A89-AFCC-B5E7170DB32F}
		{C7CD877B-6D18-459F-AFE8-69239B7D68B3} = {17CA2597-13D2-4A89-AFCC-B5E7170DB32F}
		{3516DC9F-BB29-42B1-AEA0-A2EB7B8CD073} = {17CA2597-13D2-4A89-AFCC-B5E7170DB32F}
		{7FBDE055-4454-4BB2-82A3-5F2085ABA41D} = {48CD2752-9462-473A-8699-7AD8B146742F}
		{81019EDB-C726-4008-9E1D-DCA7FF984030} = {17CA2597-13D2-4A89-AFCC-B5E7170DB32F}
		{DA457CB0-AF41-474F-9848-6D5F879BC535} = {17CA2597-13D2-4A89-AFCC-B5E7170DB32F}
		{49FD4F48-01C5-435E-97EE-6120E3E18828} = {17CA2597-13D2-4A89-AFCC-B5E7170DB32F}
	EndGlobalSection
	GlobalSection(ExtensibilityGlobals) = postSolution
		SolutionGuid = {2C5C9CC8-3EB2-4272-BBE5-637753D5E739}
	EndGlobalSection
EndGlobal
