
Microsoft Visual Studio Solution File, Format Version 12.00
# Visual Studio Version 17
VisualStudioVersion = 17.0.31717.71
MinimumVisualStudioVersion = 10.0.40219.1
Project("{9A19103F-16F7-4668-BE54-9A1E7A4F7556}") = "KustoLoco.Core", "libraries\KustoLoco.Core\KustoLoco.Core.csproj", "{1AF6D7B2-15C5-417B-9B72-ECC725B6FFD7}"
EndProject
Project("{2150E333-8FDC-42A3-9474-1A3956D46DE8}") = "test", "test", "{932C804C-F6B7-4361-8360-E5238938E464}"
EndProject
Project("{2150E333-8FDC-42A3-9474-1A3956D46DE8}") = "samples", "samples", "{48CD2752-9462-473A-8699-7AD8B146742F}"
EndProject
Project("{9A19103F-16F7-4668-BE54-9A1E7A4F7556}") = "BasicTests", "test\BasicTests\BasicTests.csproj", "{CBC39833-EF60-4482-853C-F6EF299E7F86}"
EndProject
Project("{9A19103F-16F7-4668-BE54-9A1E7A4F7556}") = "csvrepl", "samples\csvrepl\csvrepl.csproj", "{48AE3123-9A19-412B-BE07-4CE827D9CCCD}"
EndProject
Project("{2150E333-8FDC-42A3-9474-1A3956D46DE8}") = "benchmarks", "benchmarks", "{240DE661-CB71-4D27-B320-62E553CFBCAE}"
EndProject
Project("{9A19103F-16F7-4668-BE54-9A1E7A4F7556}") = "Benchmarks", "benchmarks\Benchmarks\Benchmarks.csproj", "{11A53A25-A3A5-4484-A909-C55471636222}"
EndProject
Project("{9A19103F-16F7-4668-BE54-9A1E7A4F7556}") = "ExtendedCoreTests", "test\ExtendedCoreTests\ExtendedCoreTests.csproj", "{CB8ABFEF-4F5C-440C-8DEE-65BB77873BB7}"
EndProject
Project("{2150E333-8FDC-42A3-9474-1A3956D46DE8}") = "docs", "docs", "{A5579A8E-4198-4EC3-9F20-46BBAC53B97F}"
	ProjectSection(SolutionItems) = preProject
		docs\additionalFunctions.md = docs\additionalFunctions.md
		docs\addUserDefinedFunction.md = docs\addUserDefinedFunction.md
		docs\internal-representation.png = docs\internal-representation.png
		LICENSE = LICENSE
		docs\plannedWork.md = docs\plannedWork.md
		README.md = README.md
	EndProjectSection
EndProject
Project("{2150E333-8FDC-42A3-9474-1A3956D46DE8}") = "Solution Items", "Solution Items", "{44F51B35-D6EE-402F-93C7-3C43B1FD62B2}"
	ProjectSection(SolutionItems) = preProject
		README.md = README.md
	EndProjectSection
EndProject
Project("{9A19103F-16F7-4668-BE54-9A1E7A4F7556}") = "Rendering", "libraries\Rendering\Rendering.csproj", "{3516DC9F-BB29-42B1-AEA0-A2EB7B8CD073}"
EndProject
Project("{9A19103F-16F7-4668-BE54-9A1E7A4F7556}") = "SourceGenerationTests", "test\SourceGenerationTests\SourceGenerationTests.csproj", "{ECCC4976-711C-4097-9D12-4DF1C63D37B0}"
EndProject
Project("{2150E333-8FDC-42A3-9474-1A3956D46DE8}") = "applications", "applications", "{B891952E-5D41-45F7-ABB2-B512A8200656}"
EndProject
Project("{9A19103F-16F7-4668-BE54-9A1E7A4F7556}") = "lokqlDx", "applications\lokqlDx\lokqlDx.csproj", "{5F7812C3-8678-49DB-B533-128EB3A92040}"
EndProject
Project("{9A19103F-16F7-4668-BE54-9A1E7A4F7556}") = "lokql", "applications\lokql\lokql.csproj", "{299DD655-6953-446A-A33D-46E92CD48E2D}"
EndProject
Project("{2150E333-8FDC-42A3-9474-1A3956D46DE8}") = "sourceGeneration", "sourceGeneration", "{2C2AC26F-C74F-4ECE-B955-D51754F93459}"
EndProject
Project("{9A19103F-16F7-4668-BE54-9A1E7A4F7556}") = "SourceGeneration", "sourceGeneration\SourceGeneration\SourceGeneration.csproj", "{BC823CE7-0264-4681-B378-2E2AEC5D9D7E}"
EndProject
Project("{9A19103F-16F7-4668-BE54-9A1E7A4F7556}") = "SourceGenDependencies", "sourceGeneration\SourceGenDependencies\SourceGenDependencies.csproj", "{55CBE732-000B-4A05-BFE5-1A21702F929A}"
EndProject
Project("{9A19103F-16F7-4668-BE54-9A1E7A4F7556}") = "pskql", "applications\pskql\pskql.csproj", "{D92E8AAC-8EFB-45F8-BDE2-AC446776360C}"
EndProject
Project("{9A19103F-16F7-4668-BE54-9A1E7A4F7556}") = "CustomFunctions", "samples\CustomFunctions\CustomFunctions.csproj", "{FF24597A-D663-468D-BDF4-E04802EDAEB7}"
EndProject
Project("{2150E333-8FDC-42A3-9474-1A3956D46DE8}") = "Core", "Core", "{17B8AD04-D972-4D41-9E2F-DDD4796103A7}"
EndProject
Project("{2150E333-8FDC-42A3-9474-1A3956D46DE8}") = "libraries", "libraries", "{E515B24C-26F5-4DB4-893F-B581B23891E2}"
EndProject
Project("{9A19103F-16F7-4668-BE54-9A1E7A4F7556}") = "FileFormats", "libraries\FileFormats\FileFormats.csproj", "{DC5CC12C-8B5A-4041-9908-E7ADADCA0331}"
EndProject
Project("{9A19103F-16F7-4668-BE54-9A1E7A4F7556}") = "lokql-engine", "libraries\lokql-engine\lokql-engine.csproj", "{69FEC9AF-A51A-42BD-B9CD-8002BB243219}"
EndProject
Project("{9A19103F-16F7-4668-BE54-9A1E7A4F7556}") = "LogSetup", "libraries\LogSetup\LogSetup.csproj", "{430EB5A3-8990-4B17-BA64-338AE21FFB2E}"
EndProject
Project("{9A19103F-16F7-4668-BE54-9A1E7A4F7556}") = "CoreTests", "test\CoreTests\CoreTests.csproj", "{3895CE55-9D19-4815-AFDA-0D3F0F6A9EED}"
EndProject
Project("{9A19103F-16F7-4668-BE54-9A1E7A4F7556}") = "processes", "samples\processes\processes.csproj", "{8F48A377-57EC-4A30-88F5-7E3261B23DB6}"
EndProject
Project("{9A19103F-16F7-4668-BE54-9A1E7A4F7556}") = "SettingsTests", "test\SettingsTests\SettingsTests.csproj", "{1EFE0E94-DB11-4BFA-96CB-28CB54DB9B71}"
EndProject
Project("{9A19103F-16F7-4668-BE54-9A1E7A4F7556}") = "ProcessesWpf", "samples\ProcessesWpf\ProcessesWpf.csproj", "{71B23959-1E4C-4C67-B6CD-554F697C58DC}"
EndProject
Project("{9A19103F-16F7-4668-BE54-9A1E7A4F7556}") = "SerializationTests", "test\SerializationTests\SerializationTests.csproj", "{71831E12-10C8-44F1-B1D7-9ED5DBE5AC09}"
EndProject
Project("{9A19103F-16F7-4668-BE54-9A1E7A4F7556}") = "Blazor-Static", "samples\Blazor-Static\Blazor-Static.csproj", "{A92A0C23-698C-4F48-96D4-B6113564A85B}"
EndProject
Project("{9A19103F-16F7-4668-BE54-9A1E7A4F7556}") = "WebApp", "samples\WebApp\WebApp.csproj", "{A953BE43-446B-4508-B144-A79AEAC6F7E1}"
EndProject
Project("{9A19103F-16F7-4668-BE54-9A1E7A4F7556}") = "WebAppClient", "samples\WebAppClient\WebAppClient.csproj", "{32E26ABF-C631-405E-8EFB-1AD08A30CF5E}"
EndProject
Project("{9A19103F-16F7-4668-BE54-9A1E7A4F7556}") = "AppInsightsSupport", "libraries\AppInsightsSupport\AppInsightsSupport.csproj", "{F01F2BDA-7EA1-4658-BE44-CAD85B306D1D}"
EndProject
Project("{FAE04EC0-301F-11D3-BF4B-00C04F79EFBC}") = "LokqlEngineTests", "test\LokqlEngineTests\LokqlEngineTests.csproj", "{16A14511-618F-44F4-B09C-4C68BAF932CC}"
EndProject
Project("{2150E333-8FDC-42A3-9474-1A3956D46DE8}") = "ProjectUtilities", "ProjectUtilities", "{02EA681E-C7D8-13C7-8484-4AC65E1B71E8}"
EndProject
Project("{FAE04EC0-301F-11D3-BF4B-00C04F79EFBC}") = "IntellisenseHelper", "utilities\IntellisenseHelper\IntellisenseHelper.csproj", "{2E5F60B8-2A6A-4BB6-BA6A-1EA6C99C04D6}"
EndProject
Project("{FAE04EC0-301F-11D3-BF4B-00C04F79EFBC}") = "Blazor-Server", "samples\Blazor-Server\Blazor-Server.csproj", "{D99F9C50-54C3-4BE7-89FE-8F42977E47BD}"
EndProject
Project("{FAE04EC0-301F-11D3-BF4B-00C04F79EFBC}") = "CopilotSupport", "libraries\CopilotSupport\CopilotSupport.csproj", "{376ACB94-3327-4DE1-9F18-24C1EC896200}"
EndProject
Project("{FAE04EC0-301F-11D3-BF4B-00C04F79EFBC}") = "Intellisense", "libraries\Intellisense\Intellisense.csproj", "{30D22373-FF6A-4669-BDB8-920718445C16}"
EndProject
Project("{FAE04EC0-301F-11D3-BF4B-00C04F79EFBC}") = "IntellisenseTests", "test\IntellisenseTests\IntellisenseTests.csproj", "{3D6E9D5C-2762-4FEB-AB4A-DF54F787E43F}"
EndProject
Global
	GlobalSection(SolutionConfigurationPlatforms) = preSolution
		Debug|Any CPU = Debug|Any CPU
		Release|Any CPU = Release|Any CPU
	EndGlobalSection
	GlobalSection(ProjectConfigurationPlatforms) = postSolution
		{1AF6D7B2-15C5-417B-9B72-ECC725B6FFD7}.Debug|Any CPU.ActiveCfg = Debug|Any CPU
		{1AF6D7B2-15C5-417B-9B72-ECC725B6FFD7}.Debug|Any CPU.Build.0 = Debug|Any CPU
		{1AF6D7B2-15C5-417B-9B72-ECC725B6FFD7}.Release|Any CPU.ActiveCfg = Release|Any CPU
		{1AF6D7B2-15C5-417B-9B72-ECC725B6FFD7}.Release|Any CPU.Build.0 = Release|Any CPU
		{CBC39833-EF60-4482-853C-F6EF299E7F86}.Debug|Any CPU.ActiveCfg = Debug|Any CPU
		{CBC39833-EF60-4482-853C-F6EF299E7F86}.Debug|Any CPU.Build.0 = Debug|Any CPU
		{CBC39833-EF60-4482-853C-F6EF299E7F86}.Release|Any CPU.ActiveCfg = Release|Any CPU
		{CBC39833-EF60-4482-853C-F6EF299E7F86}.Release|Any CPU.Build.0 = Release|Any CPU
		{48AE3123-9A19-412B-BE07-4CE827D9CCCD}.Debug|Any CPU.ActiveCfg = Debug|Any CPU
		{48AE3123-9A19-412B-BE07-4CE827D9CCCD}.Debug|Any CPU.Build.0 = Debug|Any CPU
		{48AE3123-9A19-412B-BE07-4CE827D9CCCD}.Release|Any CPU.ActiveCfg = Release|Any CPU
		{48AE3123-9A19-412B-BE07-4CE827D9CCCD}.Release|Any CPU.Build.0 = Release|Any CPU
		{11A53A25-A3A5-4484-A909-C55471636222}.Debug|Any CPU.ActiveCfg = Debug|Any CPU
		{11A53A25-A3A5-4484-A909-C55471636222}.Debug|Any CPU.Build.0 = Debug|Any CPU
		{11A53A25-A3A5-4484-A909-C55471636222}.Release|Any CPU.ActiveCfg = Release|Any CPU
		{11A53A25-A3A5-4484-A909-C55471636222}.Release|Any CPU.Build.0 = Release|Any CPU
		{CB8ABFEF-4F5C-440C-8DEE-65BB77873BB7}.Debug|Any CPU.ActiveCfg = Debug|Any CPU
		{CB8ABFEF-4F5C-440C-8DEE-65BB77873BB7}.Debug|Any CPU.Build.0 = Debug|Any CPU
		{CB8ABFEF-4F5C-440C-8DEE-65BB77873BB7}.Release|Any CPU.ActiveCfg = Release|Any CPU
		{CB8ABFEF-4F5C-440C-8DEE-65BB77873BB7}.Release|Any CPU.Build.0 = Release|Any CPU
		{3516DC9F-BB29-42B1-AEA0-A2EB7B8CD073}.Debug|Any CPU.ActiveCfg = Debug|Any CPU
		{3516DC9F-BB29-42B1-AEA0-A2EB7B8CD073}.Debug|Any CPU.Build.0 = Debug|Any CPU
		{3516DC9F-BB29-42B1-AEA0-A2EB7B8CD073}.Release|Any CPU.ActiveCfg = Release|Any CPU
		{3516DC9F-BB29-42B1-AEA0-A2EB7B8CD073}.Release|Any CPU.Build.0 = Release|Any CPU
		{ECCC4976-711C-4097-9D12-4DF1C63D37B0}.Debug|Any CPU.ActiveCfg = Debug|Any CPU
		{ECCC4976-711C-4097-9D12-4DF1C63D37B0}.Debug|Any CPU.Build.0 = Debug|Any CPU
		{ECCC4976-711C-4097-9D12-4DF1C63D37B0}.Release|Any CPU.ActiveCfg = Release|Any CPU
		{ECCC4976-711C-4097-9D12-4DF1C63D37B0}.Release|Any CPU.Build.0 = Release|Any CPU
		{5F7812C3-8678-49DB-B533-128EB3A92040}.Debug|Any CPU.ActiveCfg = Debug|Any CPU
		{5F7812C3-8678-49DB-B533-128EB3A92040}.Debug|Any CPU.Build.0 = Debug|Any CPU
		{5F7812C3-8678-49DB-B533-128EB3A92040}.Release|Any CPU.ActiveCfg = Release|Any CPU
		{5F7812C3-8678-49DB-B533-128EB3A92040}.Release|Any CPU.Build.0 = Release|Any CPU
		{299DD655-6953-446A-A33D-46E92CD48E2D}.Debug|Any CPU.ActiveCfg = Debug|Any CPU
		{299DD655-6953-446A-A33D-46E92CD48E2D}.Debug|Any CPU.Build.0 = Debug|Any CPU
		{299DD655-6953-446A-A33D-46E92CD48E2D}.Release|Any CPU.ActiveCfg = Release|Any CPU
		{299DD655-6953-446A-A33D-46E92CD48E2D}.Release|Any CPU.Build.0 = Release|Any CPU
		{BC823CE7-0264-4681-B378-2E2AEC5D9D7E}.Debug|Any CPU.ActiveCfg = Debug|Any CPU
		{BC823CE7-0264-4681-B378-2E2AEC5D9D7E}.Debug|Any CPU.Build.0 = Debug|Any CPU
		{BC823CE7-0264-4681-B378-2E2AEC5D9D7E}.Release|Any CPU.ActiveCfg = Release|Any CPU
		{BC823CE7-0264-4681-B378-2E2AEC5D9D7E}.Release|Any CPU.Build.0 = Release|Any CPU
		{55CBE732-000B-4A05-BFE5-1A21702F929A}.Debug|Any CPU.ActiveCfg = Debug|Any CPU
		{55CBE732-000B-4A05-BFE5-1A21702F929A}.Debug|Any CPU.Build.0 = Debug|Any CPU
		{55CBE732-000B-4A05-BFE5-1A21702F929A}.Release|Any CPU.ActiveCfg = Release|Any CPU
		{55CBE732-000B-4A05-BFE5-1A21702F929A}.Release|Any CPU.Build.0 = Release|Any CPU
		{D92E8AAC-8EFB-45F8-BDE2-AC446776360C}.Debug|Any CPU.ActiveCfg = Debug|Any CPU
		{D92E8AAC-8EFB-45F8-BDE2-AC446776360C}.Debug|Any CPU.Build.0 = Debug|Any CPU
		{D92E8AAC-8EFB-45F8-BDE2-AC446776360C}.Release|Any CPU.ActiveCfg = Release|Any CPU
		{D92E8AAC-8EFB-45F8-BDE2-AC446776360C}.Release|Any CPU.Build.0 = Release|Any CPU
		{FF24597A-D663-468D-BDF4-E04802EDAEB7}.Debug|Any CPU.ActiveCfg = Debug|Any CPU
		{FF24597A-D663-468D-BDF4-E04802EDAEB7}.Debug|Any CPU.Build.0 = Debug|Any CPU
		{FF24597A-D663-468D-BDF4-E04802EDAEB7}.Release|Any CPU.ActiveCfg = Release|Any CPU
		{FF24597A-D663-468D-BDF4-E04802EDAEB7}.Release|Any CPU.Build.0 = Release|Any CPU
		{DC5CC12C-8B5A-4041-9908-E7ADADCA0331}.Debug|Any CPU.ActiveCfg = Debug|Any CPU
		{DC5CC12C-8B5A-4041-9908-E7ADADCA0331}.Debug|Any CPU.Build.0 = Debug|Any CPU
		{DC5CC12C-8B5A-4041-9908-E7ADADCA0331}.Release|Any CPU.ActiveCfg = Release|Any CPU
		{DC5CC12C-8B5A-4041-9908-E7ADADCA0331}.Release|Any CPU.Build.0 = Release|Any CPU
		{69FEC9AF-A51A-42BD-B9CD-8002BB243219}.Debug|Any CPU.ActiveCfg = Debug|Any CPU
		{69FEC9AF-A51A-42BD-B9CD-8002BB243219}.Debug|Any CPU.Build.0 = Debug|Any CPU
		{69FEC9AF-A51A-42BD-B9CD-8002BB243219}.Release|Any CPU.ActiveCfg = Release|Any CPU
		{69FEC9AF-A51A-42BD-B9CD-8002BB243219}.Release|Any CPU.Build.0 = Release|Any CPU
		{430EB5A3-8990-4B17-BA64-338AE21FFB2E}.Debug|Any CPU.ActiveCfg = Debug|Any CPU
		{430EB5A3-8990-4B17-BA64-338AE21FFB2E}.Debug|Any CPU.Build.0 = Debug|Any CPU
		{430EB5A3-8990-4B17-BA64-338AE21FFB2E}.Release|Any CPU.ActiveCfg = Release|Any CPU
		{430EB5A3-8990-4B17-BA64-338AE21FFB2E}.Release|Any CPU.Build.0 = Release|Any CPU
		{3895CE55-9D19-4815-AFDA-0D3F0F6A9EED}.Debug|Any CPU.ActiveCfg = Debug|Any CPU
		{3895CE55-9D19-4815-AFDA-0D3F0F6A9EED}.Debug|Any CPU.Build.0 = Debug|Any CPU
		{3895CE55-9D19-4815-AFDA-0D3F0F6A9EED}.Release|Any CPU.ActiveCfg = Release|Any CPU
		{3895CE55-9D19-4815-AFDA-0D3F0F6A9EED}.Release|Any CPU.Build.0 = Release|Any CPU
		{8F48A377-57EC-4A30-88F5-7E3261B23DB6}.Debug|Any CPU.ActiveCfg = Debug|Any CPU
		{8F48A377-57EC-4A30-88F5-7E3261B23DB6}.Debug|Any CPU.Build.0 = Debug|Any CPU
		{8F48A377-57EC-4A30-88F5-7E3261B23DB6}.Release|Any CPU.ActiveCfg = Release|Any CPU
		{8F48A377-57EC-4A30-88F5-7E3261B23DB6}.Release|Any CPU.Build.0 = Release|Any CPU
		{1EFE0E94-DB11-4BFA-96CB-28CB54DB9B71}.Debug|Any CPU.ActiveCfg = Debug|Any CPU
		{1EFE0E94-DB11-4BFA-96CB-28CB54DB9B71}.Debug|Any CPU.Build.0 = Debug|Any CPU
		{1EFE0E94-DB11-4BFA-96CB-28CB54DB9B71}.Release|Any CPU.ActiveCfg = Release|Any CPU
		{1EFE0E94-DB11-4BFA-96CB-28CB54DB9B71}.Release|Any CPU.Build.0 = Release|Any CPU
		{71B23959-1E4C-4C67-B6CD-554F697C58DC}.Debug|Any CPU.ActiveCfg = Debug|Any CPU
		{71B23959-1E4C-4C67-B6CD-554F697C58DC}.Debug|Any CPU.Build.0 = Debug|Any CPU
		{71B23959-1E4C-4C67-B6CD-554F697C58DC}.Release|Any CPU.ActiveCfg = Release|Any CPU
		{71B23959-1E4C-4C67-B6CD-554F697C58DC}.Release|Any CPU.Build.0 = Release|Any CPU
		{71831E12-10C8-44F1-B1D7-9ED5DBE5AC09}.Debug|Any CPU.ActiveCfg = Debug|Any CPU
		{71831E12-10C8-44F1-B1D7-9ED5DBE5AC09}.Debug|Any CPU.Build.0 = Debug|Any CPU
		{71831E12-10C8-44F1-B1D7-9ED5DBE5AC09}.Release|Any CPU.ActiveCfg = Release|Any CPU
		{71831E12-10C8-44F1-B1D7-9ED5DBE5AC09}.Release|Any CPU.Build.0 = Release|Any CPU
		{A92A0C23-698C-4F48-96D4-B6113564A85B}.Debug|Any CPU.ActiveCfg = Debug|Any CPU
		{A92A0C23-698C-4F48-96D4-B6113564A85B}.Debug|Any CPU.Build.0 = Debug|Any CPU
		{A92A0C23-698C-4F48-96D4-B6113564A85B}.Release|Any CPU.ActiveCfg = Release|Any CPU
		{A92A0C23-698C-4F48-96D4-B6113564A85B}.Release|Any CPU.Build.0 = Release|Any CPU
		{A953BE43-446B-4508-B144-A79AEAC6F7E1}.Debug|Any CPU.ActiveCfg = Debug|Any CPU
		{A953BE43-446B-4508-B144-A79AEAC6F7E1}.Debug|Any CPU.Build.0 = Debug|Any CPU
		{A953BE43-446B-4508-B144-A79AEAC6F7E1}.Release|Any CPU.ActiveCfg = Release|Any CPU
		{A953BE43-446B-4508-B144-A79AEAC6F7E1}.Release|Any CPU.Build.0 = Release|Any CPU
		{32E26ABF-C631-405E-8EFB-1AD08A30CF5E}.Debug|Any CPU.ActiveCfg = Debug|Any CPU
		{32E26ABF-C631-405E-8EFB-1AD08A30CF5E}.Debug|Any CPU.Build.0 = Debug|Any CPU
		{32E26ABF-C631-405E-8EFB-1AD08A30CF5E}.Release|Any CPU.ActiveCfg = Release|Any CPU
		{32E26ABF-C631-405E-8EFB-1AD08A30CF5E}.Release|Any CPU.Build.0 = Release|Any CPU
		{F01F2BDA-7EA1-4658-BE44-CAD85B306D1D}.Debug|Any CPU.ActiveCfg = Debug|Any CPU
		{F01F2BDA-7EA1-4658-BE44-CAD85B306D1D}.Debug|Any CPU.Build.0 = Debug|Any CPU
		{F01F2BDA-7EA1-4658-BE44-CAD85B306D1D}.Release|Any CPU.ActiveCfg = Release|Any CPU
		{F01F2BDA-7EA1-4658-BE44-CAD85B306D1D}.Release|Any CPU.Build.0 = Release|Any CPU
		{16A14511-618F-44F4-B09C-4C68BAF932CC}.Debug|Any CPU.ActiveCfg = Debug|Any CPU
		{16A14511-618F-44F4-B09C-4C68BAF932CC}.Debug|Any CPU.Build.0 = Debug|Any CPU
		{16A14511-618F-44F4-B09C-4C68BAF932CC}.Release|Any CPU.ActiveCfg = Release|Any CPU
		{16A14511-618F-44F4-B09C-4C68BAF932CC}.Release|Any CPU.Build.0 = Release|Any CPU
		{2E5F60B8-2A6A-4BB6-BA6A-1EA6C99C04D6}.Debug|Any CPU.ActiveCfg = Debug|Any CPU
		{2E5F60B8-2A6A-4BB6-BA6A-1EA6C99C04D6}.Debug|Any CPU.Build.0 = Debug|Any CPU
		{2E5F60B8-2A6A-4BB6-BA6A-1EA6C99C04D6}.Release|Any CPU.ActiveCfg = Release|Any CPU
		{2E5F60B8-2A6A-4BB6-BA6A-1EA6C99C04D6}.Release|Any CPU.Build.0 = Release|Any CPU
		{D99F9C50-54C3-4BE7-89FE-8F42977E47BD}.Debug|Any CPU.ActiveCfg = Debug|Any CPU
		{D99F9C50-54C3-4BE7-89FE-8F42977E47BD}.Debug|Any CPU.Build.0 = Debug|Any CPU
		{D99F9C50-54C3-4BE7-89FE-8F42977E47BD}.Release|Any CPU.ActiveCfg = Release|Any CPU
		{D99F9C50-54C3-4BE7-89FE-8F42977E47BD}.Release|Any CPU.Build.0 = Release|Any CPU
		{376ACB94-3327-4DE1-9F18-24C1EC896200}.Debug|Any CPU.ActiveCfg = Debug|Any CPU
		{376ACB94-3327-4DE1-9F18-24C1EC896200}.Debug|Any CPU.Build.0 = Debug|Any CPU
		{376ACB94-3327-4DE1-9F18-24C1EC896200}.Release|Any CPU.ActiveCfg = Release|Any CPU
		{376ACB94-3327-4DE1-9F18-24C1EC896200}.Release|Any CPU.Build.0 = Release|Any CPU
		{30D22373-FF6A-4669-BDB8-920718445C16}.Debug|Any CPU.ActiveCfg = Debug|Any CPU
		{30D22373-FF6A-4669-BDB8-920718445C16}.Debug|Any CPU.Build.0 = Debug|Any CPU
		{30D22373-FF6A-4669-BDB8-920718445C16}.Release|Any CPU.ActiveCfg = Release|Any CPU
		{30D22373-FF6A-4669-BDB8-920718445C16}.Release|Any CPU.Build.0 = Release|Any CPU
		{3D6E9D5C-2762-4FEB-AB4A-DF54F787E43F}.Debug|Any CPU.ActiveCfg = Debug|Any CPU
		{3D6E9D5C-2762-4FEB-AB4A-DF54F787E43F}.Debug|Any CPU.Build.0 = Debug|Any CPU
		{3D6E9D5C-2762-4FEB-AB4A-DF54F787E43F}.Release|Any CPU.ActiveCfg = Release|Any CPU
		{3D6E9D5C-2762-4FEB-AB4A-DF54F787E43F}.Release|Any CPU.Build.0 = Release|Any CPU
	EndGlobalSection
	GlobalSection(SolutionProperties) = preSolution
		HideSolutionNode = FALSE
	EndGlobalSection
	GlobalSection(NestedProjects) = preSolution
		{1AF6D7B2-15C5-417B-9B72-ECC725B6FFD7} = {17B8AD04-D972-4D41-9E2F-DDD4796103A7}
		{CBC39833-EF60-4482-853C-F6EF299E7F86} = {932C804C-F6B7-4361-8360-E5238938E464}
		{48AE3123-9A19-412B-BE07-4CE827D9CCCD} = {48CD2752-9462-473A-8699-7AD8B146742F}
		{11A53A25-A3A5-4484-A909-C55471636222} = {240DE661-CB71-4D27-B320-62E553CFBCAE}
		{CB8ABFEF-4F5C-440C-8DEE-65BB77873BB7} = {932C804C-F6B7-4361-8360-E5238938E464}
		{3516DC9F-BB29-42B1-AEA0-A2EB7B8CD073} = {E515B24C-26F5-4DB4-893F-B581B23891E2}
		{ECCC4976-711C-4097-9D12-4DF1C63D37B0} = {932C804C-F6B7-4361-8360-E5238938E464}
		{5F7812C3-8678-49DB-B533-128EB3A92040} = {B891952E-5D41-45F7-ABB2-B512A8200656}
		{299DD655-6953-446A-A33D-46E92CD48E2D} = {B891952E-5D41-45F7-ABB2-B512A8200656}
		{BC823CE7-0264-4681-B378-2E2AEC5D9D7E} = {2C2AC26F-C74F-4ECE-B955-D51754F93459}
		{55CBE732-000B-4A05-BFE5-1A21702F929A} = {2C2AC26F-C74F-4ECE-B955-D51754F93459}
		{D92E8AAC-8EFB-45F8-BDE2-AC446776360C} = {B891952E-5D41-45F7-ABB2-B512A8200656}
		{FF24597A-D663-468D-BDF4-E04802EDAEB7} = {48CD2752-9462-473A-8699-7AD8B146742F}
		{17B8AD04-D972-4D41-9E2F-DDD4796103A7} = {E515B24C-26F5-4DB4-893F-B581B23891E2}
		{DC5CC12C-8B5A-4041-9908-E7ADADCA0331} = {E515B24C-26F5-4DB4-893F-B581B23891E2}
		{69FEC9AF-A51A-42BD-B9CD-8002BB243219} = {E515B24C-26F5-4DB4-893F-B581B23891E2}
		{430EB5A3-8990-4B17-BA64-338AE21FFB2E} = {E515B24C-26F5-4DB4-893F-B581B23891E2}
		{3895CE55-9D19-4815-AFDA-0D3F0F6A9EED} = {932C804C-F6B7-4361-8360-E5238938E464}
		{8F48A377-57EC-4A30-88F5-7E3261B23DB6} = {48CD2752-9462-473A-8699-7AD8B146742F}
		{1EFE0E94-DB11-4BFA-96CB-28CB54DB9B71} = {932C804C-F6B7-4361-8360-E5238938E464}
		{71B23959-1E4C-4C67-B6CD-554F697C58DC} = {48CD2752-9462-473A-8699-7AD8B146742F}
		{71831E12-10C8-44F1-B1D7-9ED5DBE5AC09} = {932C804C-F6B7-4361-8360-E5238938E464}
		{A92A0C23-698C-4F48-96D4-B6113564A85B} = {48CD2752-9462-473A-8699-7AD8B146742F}
		{A953BE43-446B-4508-B144-A79AEAC6F7E1} = {48CD2752-9462-473A-8699-7AD8B146742F}
		{32E26ABF-C631-405E-8EFB-1AD08A30CF5E} = {48CD2752-9462-473A-8699-7AD8B146742F}
		{F01F2BDA-7EA1-4658-BE44-CAD85B306D1D} = {E515B24C-26F5-4DB4-893F-B581B23891E2}
		{16A14511-618F-44F4-B09C-4C68BAF932CC} = {932C804C-F6B7-4361-8360-E5238938E464}
		{2E5F60B8-2A6A-4BB6-BA6A-1EA6C99C04D6} = {02EA681E-C7D8-13C7-8484-4AC65E1B71E8}
		{D99F9C50-54C3-4BE7-89FE-8F42977E47BD} = {48CD2752-9462-473A-8699-7AD8B146742F}
		{376ACB94-3327-4DE1-9F18-24C1EC896200} = {E515B24C-26F5-4DB4-893F-B581B23891E2}
		{30D22373-FF6A-4669-BDB8-920718445C16} = {E515B24C-26F5-4DB4-893F-B581B23891E2}
		{3D6E9D5C-2762-4FEB-AB4A-DF54F787E43F} = {932C804C-F6B7-4361-8360-E5238938E464}
	EndGlobalSection
	GlobalSection(ExtensibilityGlobals) = postSolution
		SolutionGuid = {2C5C9CC8-3EB2-4272-BBE5-637753D5E739}
	EndGlobalSection
EndGlobal
